
Microsoft Visual Studio Solution File, Format Version 12.00
# Visual Studio Version 17
VisualStudioVersion = 17.5.33516.290
MinimumVisualStudioVersion = 10.0.40219.1
Project("{FAE04EC0-301F-11D3-BF4B-00C04F79EFBC}") = "WheretobingeStructure", "WheretobingeStructure.csproj", "{547C611A-6920-42A8-992E-4C912A68211F}"
EndProject
Global
	GlobalSection(SolutionConfigurationPlatforms) = preSolution
		Debug|Any CPU = Debug|Any CPU
		Release|Any CPU = Release|Any CPU
	EndGlobalSection
	GlobalSection(ProjectConfigurationPlatforms) = postSolution
		{547C611A-6920-42A8-992E-4C912A68211F}.Debug|Any CPU.ActiveCfg = Debug|Any CPU
		{547C611A-6920-42A8-992E-4C912A68211F}.Debug|Any CPU.Build.0 = Debug|Any CPU
		{547C611A-6920-42A8-992E-4C912A68211F}.Release|Any CPU.ActiveCfg = Release|Any CPU
		{547C611A-6920-42A8-992E-4C912A68211F}.Release|Any CPU.Build.0 = Release|Any CPU
	EndGlobalSection
	GlobalSection(SolutionProperties) = preSolution
		HideSolutionNode = FALSE
	EndGlobalSection
	GlobalSection(ExtensibilityGlobals) = postSolution
		SolutionGuid = {321E0161-E93C-4D3C-A566-04BD0AF85CB7}
	EndGlobalSection
EndGlobal
